
Microsoft Visual Studio Solution File, Format Version 12.00
# Visual Studio Version 17
VisualStudioVersion = 17.3.32922.545
MinimumVisualStudioVersion = 10.0.40219.1
Project("{FAE04EC0-301F-11D3-BF4B-00C04F79EFBC}") = "3DSnake", "3DSnake\3DSnake.csproj", "{8005D51F-EE32-49CA-8CF2-D4AEAEDC1BB9}"
EndProject
Global
	GlobalSection(SolutionConfigurationPlatforms) = preSolution
		Debug|Any CPU = Debug|Any CPU
		Release|Any CPU = Release|Any CPU
	EndGlobalSection
	GlobalSection(ProjectConfigurationPlatforms) = postSolution
		{8005D51F-EE32-49CA-8CF2-D4AEAEDC1BB9}.Debug|Any CPU.ActiveCfg = Debug|Any CPU
		{8005D51F-EE32-49CA-8CF2-D4AEAEDC1BB9}.Debug|Any CPU.Build.0 = Debug|Any CPU
		{8005D51F-EE32-49CA-8CF2-D4AEAEDC1BB9}.Release|Any CPU.ActiveCfg = Release|Any CPU
		{8005D51F-EE32-49CA-8CF2-D4AEAEDC1BB9}.Release|Any CPU.Build.0 = Release|Any CPU
	EndGlobalSection
	GlobalSection(SolutionProperties) = preSolution
		HideSolutionNode = FALSE
	EndGlobalSection
	GlobalSection(ExtensibilityGlobals) = postSolution
		SolutionGuid = {D1DDDBC6-5759-4DD8-AD0B-D9469FA67156}
	EndGlobalSection
EndGlobal
